{
  "name": "demo-pkp-walletconnect-node",
  "version": "1.0.0",
  "lockfileVersion": 2,
  "requires": true,
  "packages": {
    "": {
      "name": "demo-pkp-walletconnect-node",
      "version": "1.0.0",
      "license": "ISC",
      "dependencies": {
        "@lit-protocol/pkp-client": "file:../../packages/pkp-client",
        "@lit-protocol/pkp-walletconnect": "file:../../packages/pkp-walletconnect"
      }
    },
    "../../packages/pkp-client": {
      "name": "@lit-protocol/pkp-client",
      "version": "2.2.2",
      "license": "MIT"
    },
    "../../packages/pkp-walletconnect": {
      "name": "@lit-protocol/pkp-walletconnect",
      "version": "2.2.2",
      "license": "MIT",
      "peerDependencies": {
        "@walletconnect/core": "^2.7.3",
        "@walletconnect/types": "^2.7.3",
        "@walletconnect/utils": "^2.7.3",
        "@walletconnect/web3wallet": "^1.7.1",
        "lokijs": "^1"
      }
    },
    "node_modules/@lit-protocol/pkp-client": {
      "resolved": "../../packages/pkp-client",
      "link": true
    },
    "node_modules/@lit-protocol/pkp-walletconnect": {
      "resolved": "../../packages/pkp-walletconnect",
      "link": true
    }
  },
  "dependencies": {
    "@lit-protocol/pkp-client": {
      "version": "file:../../packages/pkp-client"
    },
    "@lit-protocol/pkp-walletconnect": {
      "version": "file:../../packages/pkp-walletconnect",
      "requires": {}
    }
  }
}
